
Microsoft Visual Studio Solution File, Format Version 12.00
# Visual Studio 14
VisualStudioVersion = 14.0.25420.1
MinimumVisualStudioVersion = 10.0.40219.1
Project("{8BC9CEB8-8B4A-11D0-8D11-00A0C91BC942}") = "demo", "demo\demo.vcxproj", "{E9D37839-1B40-4422-92B4-4F69FBDEF160}"
EndProject
Project("{8BC9CEB8-8B4A-11D0-8D11-00A0C91BC942}") = "impicit21", "Project1\Project1.vcxproj", "{5028AE4F-7FAF-4F43-8B30-BC5274D899E9}"
EndProject
Project("{8BC9CEB8-8B4A-11D0-8D11-00A0C91BC942}") = "dll22", "dll22\dll22.vcxproj", "{81D96175-2974-4841-BF45-44F7A1F96E43}"
EndProject
Project("{8BC9CEB8-8B4A-11D0-8D11-00A0C91BC942}") = "Explicit22", "Explicit22\Explicit22.vcxproj", "{D84A8E13-5C4C-457C-9DFF-21B444ADA8C2}"
EndProject
Project("{8BC9CEB8-8B4A-11D0-8D11-00A0C91BC942}") = "semaphore", "semaphore\semaphore.vcxproj", "{E0D1F3F0-04E9-4151-92DF-53F5EB877977}"
EndProject
Project("{8BC9CEB8-8B4A-11D0-8D11-00A0C91BC942}") = "mutex", "mutex\mutex.vcxproj", "{EC5320C8-EAE5-4388-9A06-00B434019258}"
EndProject
Project("{8BC9CEB8-8B4A-11D0-8D11-00A0C91BC942}") = "static23", "static23\static23.vcxproj", "{A3C58083-02FD-4432-8F7A-3D6C5FD17370}"
EndProject
Project("{8BC9CEB8-8B4A-11D0-8D11-00A0C91BC942}") = "Appforstatic23", "Appforstatic23\Appforstatic23.vcxproj", "{0DB6D9CE-C4E9-4E53-9009-C5558ABCDF8A}"
EndProject
Project("{8BC9CEB8-8B4A-11D0-8D11-00A0C91BC942}") = "WaitForSingle24", "WaitForSingle24\WaitForSingle24.vcxproj", "{E0C85A54-8718-4A17-8E4C-823E0CD825AA}"
EndProject
Project("{8BC9CEB8-8B4A-11D0-8D11-00A0C91BC942}") = "WaitForMultiple25", "WaitForMultiple24\WaitForMultiple24.vcxproj", "{C61F735A-33EE-4610-BE09-8975927484CA}"
EndProject
Project("{8BC9CEB8-8B4A-11D0-8D11-00A0C91BC942}") = "ResetEvent26", "ResetEvent26\ResetEvent26.vcxproj", "{29C34C3F-5BE1-47A4-8884-DC1672482C90}"
EndProject
Project("{8BC9CEB8-8B4A-11D0-8D11-00A0C91BC942}") = "dummy27", "dummy27\dummy27.vcxproj", "{1E7B8ED8-822B-4638-B41A-C97783719AE3}"
EndProject
Global
	GlobalSection(SolutionConfigurationPlatforms) = preSolution
		Debug|x64 = Debug|x64
		Debug|x86 = Debug|x86
		Release|x64 = Release|x64
		Release|x86 = Release|x86
	EndGlobalSection
	GlobalSection(ProjectConfigurationPlatforms) = postSolution
		{E9D37839-1B40-4422-92B4-4F69FBDEF160}.Debug|x64.ActiveCfg = Debug|x64
		{E9D37839-1B40-4422-92B4-4F69FBDEF160}.Debug|x64.Build.0 = Debug|x64
		{E9D37839-1B40-4422-92B4-4F69FBDEF160}.Debug|x86.ActiveCfg = Debug|Win32
		{E9D37839-1B40-4422-92B4-4F69FBDEF160}.Debug|x86.Build.0 = Debug|Win32
		{E9D37839-1B40-4422-92B4-4F69FBDEF160}.Release|x64.ActiveCfg = Release|x64
		{E9D37839-1B40-4422-92B4-4F69FBDEF160}.Release|x64.Build.0 = Release|x64
		{E9D37839-1B40-4422-92B4-4F69FBDEF160}.Release|x86.ActiveCfg = Release|Win32
		{E9D37839-1B40-4422-92B4-4F69FBDEF160}.Release|x86.Build.0 = Release|Win32
		{5028AE4F-7FAF-4F43-8B30-BC5274D899E9}.Debug|x64.ActiveCfg = Debug|x64
		{5028AE4F-7FAF-4F43-8B30-BC5274D899E9}.Debug|x64.Build.0 = Debug|x64
		{5028AE4F-7FAF-4F43-8B30-BC5274D899E9}.Debug|x86.ActiveCfg = Debug|Win32
		{5028AE4F-7FAF-4F43-8B30-BC5274D899E9}.Debug|x86.Build.0 = Debug|Win32
		{5028AE4F-7FAF-4F43-8B30-BC5274D899E9}.Release|x64.ActiveCfg = Release|x64
		{5028AE4F-7FAF-4F43-8B30-BC5274D899E9}.Release|x64.Build.0 = Release|x64
		{5028AE4F-7FAF-4F43-8B30-BC5274D899E9}.Release|x86.ActiveCfg = Release|Win32
		{5028AE4F-7FAF-4F43-8B30-BC5274D899E9}.Release|x86.Build.0 = Release|Win32
		{81D96175-2974-4841-BF45-44F7A1F96E43}.Debug|x64.ActiveCfg = Debug|x64
		{81D96175-2974-4841-BF45-44F7A1F96E43}.Debug|x64.Build.0 = Debug|x64
		{81D96175-2974-4841-BF45-44F7A1F96E43}.Debug|x86.ActiveCfg = Debug|Win32
		{81D96175-2974-4841-BF45-44F7A1F96E43}.Debug|x86.Build.0 = Debug|Win32
		{81D96175-2974-4841-BF45-44F7A1F96E43}.Release|x64.ActiveCfg = Release|x64
		{81D96175-2974-4841-BF45-44F7A1F96E43}.Release|x64.Build.0 = Release|x64
		{81D96175-2974-4841-BF45-44F7A1F96E43}.Release|x86.ActiveCfg = Release|Win32
		{81D96175-2974-4841-BF45-44F7A1F96E43}.Release|x86.Build.0 = Release|Win32
		{D84A8E13-5C4C-457C-9DFF-21B444ADA8C2}.Debug|x64.ActiveCfg = Debug|x64
		{D84A8E13-5C4C-457C-9DFF-21B444ADA8C2}.Debug|x64.Build.0 = Debug|x64
		{D84A8E13-5C4C-457C-9DFF-21B444ADA8C2}.Debug|x86.ActiveCfg = Debug|Win32
		{D84A8E13-5C4C-457C-9DFF-21B444ADA8C2}.Debug|x86.Build.0 = Debug|Win32
		{D84A8E13-5C4C-457C-9DFF-21B444ADA8C2}.Release|x64.ActiveCfg = Release|x64
		{D84A8E13-5C4C-457C-9DFF-21B444ADA8C2}.Release|x64.Build.0 = Release|x64
		{D84A8E13-5C4C-457C-9DFF-21B444ADA8C2}.Release|x86.ActiveCfg = Release|Win32
		{D84A8E13-5C4C-457C-9DFF-21B444ADA8C2}.Release|x86.Build.0 = Release|Win32
		{E0D1F3F0-04E9-4151-92DF-53F5EB877977}.Debug|x64.ActiveCfg = Debug|x64
		{E0D1F3F0-04E9-4151-92DF-53F5EB877977}.Debug|x64.Build.0 = Debug|x64
		{E0D1F3F0-04E9-4151-92DF-53F5EB877977}.Debug|x86.ActiveCfg = Debug|Win32
		{E0D1F3F0-04E9-4151-92DF-53F5EB877977}.Debug|x86.Build.0 = Debug|Win32
		{E0D1F3F0-04E9-4151-92DF-53F5EB877977}.Release|x64.ActiveCfg = Release|x64
		{E0D1F3F0-04E9-4151-92DF-53F5EB877977}.Release|x64.Build.0 = Release|x64
		{E0D1F3F0-04E9-4151-92DF-53F5EB877977}.Release|x86.ActiveCfg = Release|Win32
		{E0D1F3F0-04E9-4151-92DF-53F5EB877977}.Release|x86.Build.0 = Release|Win32
		{EC5320C8-EAE5-4388-9A06-00B434019258}.Debug|x64.ActiveCfg = Debug|x64
		{EC5320C8-EAE5-4388-9A06-00B434019258}.Debug|x64.Build.0 = Debug|x64
		{EC5320C8-EAE5-4388-9A06-00B434019258}.Debug|x86.ActiveCfg = Debug|Win32
		{EC5320C8-EAE5-4388-9A06-00B434019258}.Debug|x86.Build.0 = Debug|Win32
		{EC5320C8-EAE5-4388-9A06-00B434019258}.Release|x64.ActiveCfg = Release|x64
		{EC5320C8-EAE5-4388-9A06-00B434019258}.Release|x64.Build.0 = Release|x64
		{EC5320C8-EAE5-4388-9A06-00B434019258}.Release|x86.ActiveCfg = Release|Win32
		{EC5320C8-EAE5-4388-9A06-00B434019258}.Release|x86.Build.0 = Release|Win32
		{A3C58083-02FD-4432-8F7A-3D6C5FD17370}.Debug|x64.ActiveCfg = Debug|x64
		{A3C58083-02FD-4432-8F7A-3D6C5FD17370}.Debug|x64.Build.0 = Debug|x64
		{A3C58083-02FD-4432-8F7A-3D6C5FD17370}.Debug|x86.ActiveCfg = Debug|Win32
		{A3C58083-02FD-4432-8F7A-3D6C5FD17370}.Debug|x86.Build.0 = Debug|Win32
		{A3C58083-02FD-4432-8F7A-3D6C5FD17370}.Release|x64.ActiveCfg = Release|x64
		{A3C58083-02FD-4432-8F7A-3D6C5FD17370}.Release|x64.Build.0 = Release|x64
		{A3C58083-02FD-4432-8F7A-3D6C5FD17370}.Release|x86.ActiveCfg = Release|Win32
		{A3C58083-02FD-4432-8F7A-3D6C5FD17370}.Release|x86.Build.0 = Release|Win32
		{0DB6D9CE-C4E9-4E53-9009-C5558ABCDF8A}.Debug|x64.ActiveCfg = Debug|x64
		{0DB6D9CE-C4E9-4E53-9009-C5558ABCDF8A}.Debug|x64.Build.0 = Debug|x64
		{0DB6D9CE-C4E9-4E53-9009-C5558ABCDF8A}.Debug|x86.ActiveCfg = Debug|Win32
		{0DB6D9CE-C4E9-4E53-9009-C5558ABCDF8A}.Debug|x86.Build.0 = Debug|Win32
		{0DB6D9CE-C4E9-4E53-9009-C5558ABCDF8A}.Release|x64.ActiveCfg = Release|x64
		{0DB6D9CE-C4E9-4E53-9009-C5558ABCDF8A}.Release|x64.Build.0 = Release|x64
		{0DB6D9CE-C4E9-4E53-9009-C5558ABCDF8A}.Release|x86.ActiveCfg = Release|Win32
		{0DB6D9CE-C4E9-4E53-9009-C5558ABCDF8A}.Release|x86.Build.0 = Release|Win32
		{E0C85A54-8718-4A17-8E4C-823E0CD825AA}.Debug|x64.ActiveCfg = Debug|x64
		{E0C85A54-8718-4A17-8E4C-823E0CD825AA}.Debug|x64.Build.0 = Debug|x64
		{E0C85A54-8718-4A17-8E4C-823E0CD825AA}.Debug|x86.ActiveCfg = Debug|Win32
		{E0C85A54-8718-4A17-8E4C-823E0CD825AA}.Debug|x86.Build.0 = Debug|Win32
		{E0C85A54-8718-4A17-8E4C-823E0CD825AA}.Release|x64.ActiveCfg = Release|x64
		{E0C85A54-8718-4A17-8E4C-823E0CD825AA}.Release|x64.Build.0 = Release|x64
		{E0C85A54-8718-4A17-8E4C-823E0CD825AA}.Release|x86.ActiveCfg = Release|Win32
		{E0C85A54-8718-4A17-8E4C-823E0CD825AA}.Release|x86.Build.0 = Release|Win32
		{C61F735A-33EE-4610-BE09-8975927484CA}.Debug|x64.ActiveCfg = Debug|x64
		{C61F735A-33EE-4610-BE09-8975927484CA}.Debug|x64.Build.0 = Debug|x64
		{C61F735A-33EE-4610-BE09-8975927484CA}.Debug|x86.ActiveCfg = Debug|Win32
		{C61F735A-33EE-4610-BE09-8975927484CA}.Debug|x86.Build.0 = Debug|Win32
		{C61F735A-33EE-4610-BE09-8975927484CA}.Release|x64.ActiveCfg = Release|x64
		{C61F735A-33EE-4610-BE09-8975927484CA}.Release|x64.Build.0 = Release|x64
		{C61F735A-33EE-4610-BE09-8975927484CA}.Release|x86.ActiveCfg = Release|Win32
		{C61F735A-33EE-4610-BE09-8975927484CA}.Release|x86.Build.0 = Release|Win32
		{29C34C3F-5BE1-47A4-8884-DC1672482C90}.Debug|x64.ActiveCfg = Debug|x64
		{29C34C3F-5BE1-47A4-8884-DC1672482C90}.Debug|x64.Build.0 = Debug|x64
		{29C34C3F-5BE1-47A4-8884-DC1672482C90}.Debug|x86.ActiveCfg = Debug|Win32
		{29C34C3F-5BE1-47A4-8884-DC1672482C90}.Debug|x86.Build.0 = Debug|Win32
		{29C34C3F-5BE1-47A4-8884-DC1672482C90}.Release|x64.ActiveCfg = Release|x64
		{29C34C3F-5BE1-47A4-8884-DC1672482C90}.Release|x64.Build.0 = Release|x64
		{29C34C3F-5BE1-47A4-8884-DC1672482C90}.Release|x86.ActiveCfg = Release|Win32
		{29C34C3F-5BE1-47A4-8884-DC1672482C90}.Release|x86.Build.0 = Release|Win32
		{1E7B8ED8-822B-4638-B41A-C97783719AE3}.Debug|x64.ActiveCfg = Debug|x64
		{1E7B8ED8-822B-4638-B41A-C97783719AE3}.Debug|x64.Build.0 = Debug|x64
		{1E7B8ED8-822B-4638-B41A-C97783719AE3}.Debug|x86.ActiveCfg = Debug|Win32
		{1E7B8ED8-822B-4638-B41A-C97783719AE3}.Debug|x86.Build.0 = Debug|Win32
		{1E7B8ED8-822B-4638-B41A-C97783719AE3}.Release|x64.ActiveCfg = Release|x64
		{1E7B8ED8-822B-4638-B41A-C97783719AE3}.Release|x64.Build.0 = Release|x64
		{1E7B8ED8-822B-4638-B41A-C97783719AE3}.Release|x86.ActiveCfg = Release|Win32
		{1E7B8ED8-822B-4638-B41A-C97783719AE3}.Release|x86.Build.0 = Release|Win32
	EndGlobalSection
	GlobalSection(SolutionProperties) = preSolution
		HideSolutionNode = FALSE
	EndGlobalSection
EndGlobal
