
Microsoft Visual Studio Solution File, Format Version 12.00
# Visual Studio 14
VisualStudioVersion = 14.0.25420.1
MinimumVisualStudioVersion = 10.0.40219.1
Project("{8BC9CEB8-8B4A-11D0-8D11-00A0C91BC942}") = "program3", "program3\program3.vcxproj", "{68E75FC1-3636-4DC5-AA53-DF01F1F391E6}"
EndProject
Project("{8BC9CEB8-8B4A-11D0-8D11-00A0C91BC942}") = "program4", "program4\program4.vcxproj", "{0FA1B9D0-6161-4E27-86E3-2A5124BEF2CA}"
EndProject
Project("{8BC9CEB8-8B4A-11D0-8D11-00A0C91BC942}") = "program5", "program5\program5.vcxproj", "{B9829CED-0BD3-4321-92D9-34782D45E696}"
EndProject
Project("{8BC9CEB8-8B4A-11D0-8D11-00A0C91BC942}") = "program6", "program6\program6.vcxproj", "{1B0EC598-E0BF-49FC-A597-A35670122827}"
EndProject
Project("{8BC9CEB8-8B4A-11D0-8D11-00A0C91BC942}") = "program7", "program7\program7.vcxproj", "{A0F98E69-1FB8-450D-A962-C5509A8DC856}"
EndProject
Project("{8BC9CEB8-8B4A-11D0-8D11-00A0C91BC942}") = "program8", "program8\program8.vcxproj", "{5E6CCACF-54A1-40B5-9182-D1267985B37A}"
EndProject
Project("{8BC9CEB8-8B4A-11D0-8D11-00A0C91BC942}") = "program9", "program9\program9.vcxproj", "{B69D6348-1F4D-4313-861E-B15CBAF302B3}"
EndProject
Project("{8BC9CEB8-8B4A-11D0-8D11-00A0C91BC942}") = "program10", "program10\program10.vcxproj", "{68741C51-D9A3-46B6-B8AD-237652C2E087}"
EndProject
Project("{8BC9CEB8-8B4A-11D0-8D11-00A0C91BC942}") = "program11", "program11\program11.vcxproj", "{018EBE2C-0310-48C4-86A2-DCD8011EB4D5}"
EndProject
Project("{8BC9CEB8-8B4A-11D0-8D11-00A0C91BC942}") = "program12", "program12\program12.vcxproj", "{B3015619-C164-4E0F-85E7-FB2947B2FF6B}"
EndProject
Project("{8BC9CEB8-8B4A-11D0-8D11-00A0C91BC942}") = "program13", "program13\program13.vcxproj", "{14E2C5D5-803D-4782-96E5-74DB0478BC1C}"
EndProject
Project("{8BC9CEB8-8B4A-11D0-8D11-00A0C91BC942}") = "program14", "program14\program14.vcxproj", "{B7AE0CC5-4B74-4537-80D9-CB0BA92689EE}"
EndProject
Project("{8BC9CEB8-8B4A-11D0-8D11-00A0C91BC942}") = "program15", "program15\program15.vcxproj", "{252CC233-E3A1-4926-855F-17DE43BFBF13}"
EndProject
Global
	GlobalSection(SolutionConfigurationPlatforms) = preSolution
		Debug|x64 = Debug|x64
		Debug|x86 = Debug|x86
		Release|x64 = Release|x64
		Release|x86 = Release|x86
	EndGlobalSection
	GlobalSection(ProjectConfigurationPlatforms) = postSolution
		{68E75FC1-3636-4DC5-AA53-DF01F1F391E6}.Debug|x64.ActiveCfg = Debug|x64
		{68E75FC1-3636-4DC5-AA53-DF01F1F391E6}.Debug|x64.Build.0 = Debug|x64
		{68E75FC1-3636-4DC5-AA53-DF01F1F391E6}.Debug|x86.ActiveCfg = Debug|Win32
		{68E75FC1-3636-4DC5-AA53-DF01F1F391E6}.Debug|x86.Build.0 = Debug|Win32
		{68E75FC1-3636-4DC5-AA53-DF01F1F391E6}.Release|x64.ActiveCfg = Release|x64
		{68E75FC1-3636-4DC5-AA53-DF01F1F391E6}.Release|x64.Build.0 = Release|x64
		{68E75FC1-3636-4DC5-AA53-DF01F1F391E6}.Release|x86.ActiveCfg = Release|Win32
		{68E75FC1-3636-4DC5-AA53-DF01F1F391E6}.Release|x86.Build.0 = Release|Win32
		{0FA1B9D0-6161-4E27-86E3-2A5124BEF2CA}.Debug|x64.ActiveCfg = Debug|x64
		{0FA1B9D0-6161-4E27-86E3-2A5124BEF2CA}.Debug|x64.Build.0 = Debug|x64
		{0FA1B9D0-6161-4E27-86E3-2A5124BEF2CA}.Debug|x86.ActiveCfg = Debug|Win32
		{0FA1B9D0-6161-4E27-86E3-2A5124BEF2CA}.Debug|x86.Build.0 = Debug|Win32
		{0FA1B9D0-6161-4E27-86E3-2A5124BEF2CA}.Release|x64.ActiveCfg = Release|x64
		{0FA1B9D0-6161-4E27-86E3-2A5124BEF2CA}.Release|x64.Build.0 = Release|x64
		{0FA1B9D0-6161-4E27-86E3-2A5124BEF2CA}.Release|x86.ActiveCfg = Release|Win32
		{0FA1B9D0-6161-4E27-86E3-2A5124BEF2CA}.Release|x86.Build.0 = Release|Win32
		{B9829CED-0BD3-4321-92D9-34782D45E696}.Debug|x64.ActiveCfg = Debug|x64
		{B9829CED-0BD3-4321-92D9-34782D45E696}.Debug|x64.Build.0 = Debug|x64
		{B9829CED-0BD3-4321-92D9-34782D45E696}.Debug|x86.ActiveCfg = Debug|Win32
		{B9829CED-0BD3-4321-92D9-34782D45E696}.Debug|x86.Build.0 = Debug|Win32
		{B9829CED-0BD3-4321-92D9-34782D45E696}.Release|x64.ActiveCfg = Release|x64
		{B9829CED-0BD3-4321-92D9-34782D45E696}.Release|x64.Build.0 = Release|x64
		{B9829CED-0BD3-4321-92D9-34782D45E696}.Release|x86.ActiveCfg = Release|Win32
		{B9829CED-0BD3-4321-92D9-34782D45E696}.Release|x86.Build.0 = Release|Win32
		{1B0EC598-E0BF-49FC-A597-A35670122827}.Debug|x64.ActiveCfg = Debug|x64
		{1B0EC598-E0BF-49FC-A597-A35670122827}.Debug|x64.Build.0 = Debug|x64
		{1B0EC598-E0BF-49FC-A597-A35670122827}.Debug|x86.ActiveCfg = Debug|Win32
		{1B0EC598-E0BF-49FC-A597-A35670122827}.Debug|x86.Build.0 = Debug|Win32
		{1B0EC598-E0BF-49FC-A597-A35670122827}.Release|x64.ActiveCfg = Release|x64
		{1B0EC598-E0BF-49FC-A597-A35670122827}.Release|x64.Build.0 = Release|x64
		{1B0EC598-E0BF-49FC-A597-A35670122827}.Release|x86.ActiveCfg = Release|Win32
		{1B0EC598-E0BF-49FC-A597-A35670122827}.Release|x86.Build.0 = Release|Win32
		{A0F98E69-1FB8-450D-A962-C5509A8DC856}.Debug|x64.ActiveCfg = Debug|x64
		{A0F98E69-1FB8-450D-A962-C5509A8DC856}.Debug|x64.Build.0 = Debug|x64
		{A0F98E69-1FB8-450D-A962-C5509A8DC856}.Debug|x86.ActiveCfg = Debug|Win32
		{A0F98E69-1FB8-450D-A962-C5509A8DC856}.Debug|x86.Build.0 = Debug|Win32
		{A0F98E69-1FB8-450D-A962-C5509A8DC856}.Release|x64.ActiveCfg = Release|x64
		{A0F98E69-1FB8-450D-A962-C5509A8DC856}.Release|x64.Build.0 = Release|x64
		{A0F98E69-1FB8-450D-A962-C5509A8DC856}.Release|x86.ActiveCfg = Release|Win32
		{A0F98E69-1FB8-450D-A962-C5509A8DC856}.Release|x86.Build.0 = Release|Win32
		{5E6CCACF-54A1-40B5-9182-D1267985B37A}.Debug|x64.ActiveCfg = Debug|x64
		{5E6CCACF-54A1-40B5-9182-D1267985B37A}.Debug|x64.Build.0 = Debug|x64
		{5E6CCACF-54A1-40B5-9182-D1267985B37A}.Debug|x86.ActiveCfg = Debug|Win32
		{5E6CCACF-54A1-40B5-9182-D1267985B37A}.Debug|x86.Build.0 = Debug|Win32
		{5E6CCACF-54A1-40B5-9182-D1267985B37A}.Release|x64.ActiveCfg = Release|x64
		{5E6CCACF-54A1-40B5-9182-D1267985B37A}.Release|x64.Build.0 = Release|x64
		{5E6CCACF-54A1-40B5-9182-D1267985B37A}.Release|x86.ActiveCfg = Release|Win32
		{5E6CCACF-54A1-40B5-9182-D1267985B37A}.Release|x86.Build.0 = Release|Win32
		{B69D6348-1F4D-4313-861E-B15CBAF302B3}.Debug|x64.ActiveCfg = Debug|x64
		{B69D6348-1F4D-4313-861E-B15CBAF302B3}.Debug|x64.Build.0 = Debug|x64
		{B69D6348-1F4D-4313-861E-B15CBAF302B3}.Debug|x86.ActiveCfg = Debug|Win32
		{B69D6348-1F4D-4313-861E-B15CBAF302B3}.Debug|x86.Build.0 = Debug|Win32
		{B69D6348-1F4D-4313-861E-B15CBAF302B3}.Release|x64.ActiveCfg = Release|x64
		{B69D6348-1F4D-4313-861E-B15CBAF302B3}.Release|x64.Build.0 = Release|x64
		{B69D6348-1F4D-4313-861E-B15CBAF302B3}.Release|x86.ActiveCfg = Release|Win32
		{B69D6348-1F4D-4313-861E-B15CBAF302B3}.Release|x86.Build.0 = Release|Win32
		{68741C51-D9A3-46B6-B8AD-237652C2E087}.Debug|x64.ActiveCfg = Debug|x64
		{68741C51-D9A3-46B6-B8AD-237652C2E087}.Debug|x64.Build.0 = Debug|x64
		{68741C51-D9A3-46B6-B8AD-237652C2E087}.Debug|x86.ActiveCfg = Debug|Win32
		{68741C51-D9A3-46B6-B8AD-237652C2E087}.Debug|x86.Build.0 = Debug|Win32
		{68741C51-D9A3-46B6-B8AD-237652C2E087}.Release|x64.ActiveCfg = Release|x64
		{68741C51-D9A3-46B6-B8AD-237652C2E087}.Release|x64.Build.0 = Release|x64
		{68741C51-D9A3-46B6-B8AD-237652C2E087}.Release|x86.ActiveCfg = Release|Win32
		{68741C51-D9A3-46B6-B8AD-237652C2E087}.Release|x86.Build.0 = Release|Win32
		{018EBE2C-0310-48C4-86A2-DCD8011EB4D5}.Debug|x64.ActiveCfg = Debug|x64
		{018EBE2C-0310-48C4-86A2-DCD8011EB4D5}.Debug|x64.Build.0 = Debug|x64
		{018EBE2C-0310-48C4-86A2-DCD8011EB4D5}.Debug|x86.ActiveCfg = Debug|Win32
		{018EBE2C-0310-48C4-86A2-DCD8011EB4D5}.Debug|x86.Build.0 = Debug|Win32
		{018EBE2C-0310-48C4-86A2-DCD8011EB4D5}.Release|x64.ActiveCfg = Release|x64
		{018EBE2C-0310-48C4-86A2-DCD8011EB4D5}.Release|x64.Build.0 = Release|x64
		{018EBE2C-0310-48C4-86A2-DCD8011EB4D5}.Release|x86.ActiveCfg = Release|Win32
		{018EBE2C-0310-48C4-86A2-DCD8011EB4D5}.Release|x86.Build.0 = Release|Win32
		{B3015619-C164-4E0F-85E7-FB2947B2FF6B}.Debug|x64.ActiveCfg = Debug|x64
		{B3015619-C164-4E0F-85E7-FB2947B2FF6B}.Debug|x64.Build.0 = Debug|x64
		{B3015619-C164-4E0F-85E7-FB2947B2FF6B}.Debug|x86.ActiveCfg = Debug|Win32
		{B3015619-C164-4E0F-85E7-FB2947B2FF6B}.Debug|x86.Build.0 = Debug|Win32
		{B3015619-C164-4E0F-85E7-FB2947B2FF6B}.Release|x64.ActiveCfg = Release|x64
		{B3015619-C164-4E0F-85E7-FB2947B2FF6B}.Release|x64.Build.0 = Release|x64
		{B3015619-C164-4E0F-85E7-FB2947B2FF6B}.Release|x86.ActiveCfg = Release|Win32
		{B3015619-C164-4E0F-85E7-FB2947B2FF6B}.Release|x86.Build.0 = Release|Win32
		{14E2C5D5-803D-4782-96E5-74DB0478BC1C}.Debug|x64.ActiveCfg = Debug|x64
		{14E2C5D5-803D-4782-96E5-74DB0478BC1C}.Debug|x64.Build.0 = Debug|x64
		{14E2C5D5-803D-4782-96E5-74DB0478BC1C}.Debug|x86.ActiveCfg = Debug|Win32
		{14E2C5D5-803D-4782-96E5-74DB0478BC1C}.Debug|x86.Build.0 = Debug|Win32
		{14E2C5D5-803D-4782-96E5-74DB0478BC1C}.Release|x64.ActiveCfg = Release|x64
		{14E2C5D5-803D-4782-96E5-74DB0478BC1C}.Release|x64.Build.0 = Release|x64
		{14E2C5D5-803D-4782-96E5-74DB0478BC1C}.Release|x86.ActiveCfg = Release|Win32
		{14E2C5D5-803D-4782-96E5-74DB0478BC1C}.Release|x86.Build.0 = Release|Win32
		{B7AE0CC5-4B74-4537-80D9-CB0BA92689EE}.Debug|x64.ActiveCfg = Debug|x64
		{B7AE0CC5-4B74-4537-80D9-CB0BA92689EE}.Debug|x64.Build.0 = Debug|x64
		{B7AE0CC5-4B74-4537-80D9-CB0BA92689EE}.Debug|x86.ActiveCfg = Debug|Win32
		{B7AE0CC5-4B74-4537-80D9-CB0BA92689EE}.Debug|x86.Build.0 = Debug|Win32
		{B7AE0CC5-4B74-4537-80D9-CB0BA92689EE}.Release|x64.ActiveCfg = Release|x64
		{B7AE0CC5-4B74-4537-80D9-CB0BA92689EE}.Release|x64.Build.0 = Release|x64
		{B7AE0CC5-4B74-4537-80D9-CB0BA92689EE}.Release|x86.ActiveCfg = Release|Win32
		{B7AE0CC5-4B74-4537-80D9-CB0BA92689EE}.Release|x86.Build.0 = Release|Win32
		{252CC233-E3A1-4926-855F-17DE43BFBF13}.Debug|x64.ActiveCfg = Debug|x64
		{252CC233-E3A1-4926-855F-17DE43BFBF13}.Debug|x64.Build.0 = Debug|x64
		{252CC233-E3A1-4926-855F-17DE43BFBF13}.Debug|x86.ActiveCfg = Debug|Win32
		{252CC233-E3A1-4926-855F-17DE43BFBF13}.Debug|x86.Build.0 = Debug|Win32
		{252CC233-E3A1-4926-855F-17DE43BFBF13}.Release|x64.ActiveCfg = Release|x64
		{252CC233-E3A1-4926-855F-17DE43BFBF13}.Release|x64.Build.0 = Release|x64
		{252CC233-E3A1-4926-855F-17DE43BFBF13}.Release|x86.ActiveCfg = Release|Win32
		{252CC233-E3A1-4926-855F-17DE43BFBF13}.Release|x86.Build.0 = Release|Win32
	EndGlobalSection
	GlobalSection(SolutionProperties) = preSolution
		HideSolutionNode = FALSE
	EndGlobalSection
EndGlobal
