
Microsoft Visual Studio Solution File, Format Version 12.00
# Visual Studio 14
VisualStudioVersion = 14.0.25420.1
MinimumVisualStudioVersion = 10.0.40219.1
Project("{8BC9CEB8-8B4A-11D0-8D11-00A0C91BC942}") = "unicodeAPIs", "unicodeAPIs.vcxproj", "{790001F4-E09D-48C1-9501-407E4A341E23}"
EndProject
Project("{8BC9CEB8-8B4A-11D0-8D11-00A0C91BC942}") = "commandlineArgvw", "..\commandlineArgvw\commandlineArgvw.vcxproj", "{5D32B888-E6B0-4D07-BC36-3F5F0B7BFE49}"
EndProject
Project("{8BC9CEB8-8B4A-11D0-8D11-00A0C91BC942}") = "EnvironmentVariables", "EnvironmentVariables\EnvironmentVariables.vcxproj", "{5F34DD9D-EE7B-44B7-B859-9CDB2E9741F6}"
EndProject
Project("{8BC9CEB8-8B4A-11D0-8D11-00A0C91BC942}") = "fileRead", "..\fileRead\fileRead.vcxproj", "{E1429676-9707-4E1C-8ADA-6982140A558A}"
EndProject
Project("{8BC9CEB8-8B4A-11D0-8D11-00A0C91BC942}") = "FileWrite", "FileWrite\FileWrite.vcxproj", "{22EA1836-713A-40E2-8279-B34A0E93F4E7}"
EndProject
Project("{8BC9CEB8-8B4A-11D0-8D11-00A0C91BC942}") = "EventNamedObject", "..\EventNamedObject\EventNamedObject.vcxproj", "{CD3E5609-4A7C-48F7-969A-F302328A1C6C}"
EndProject
Project("{8BC9CEB8-8B4A-11D0-8D11-00A0C91BC942}") = "ReadEOF", "..\ReadEOF\ReadEOF.vcxproj", "{E4828E2F-78AC-49C9-BBDE-279E1DA4AADC}"
EndProject
Project("{8BC9CEB8-8B4A-11D0-8D11-00A0C91BC942}") = "process", "process\process.vcxproj", "{D320EB32-1F70-442B-AB01-B7AA63CD9F03}"
EndProject
Project("{8BC9CEB8-8B4A-11D0-8D11-00A0C91BC942}") = "Thread", "Thread\Thread.vcxproj", "{2E59B694-5DFB-4A54-9EA7-0B248AF4F0A0}"
EndProject
Project("{8BC9CEB8-8B4A-11D0-8D11-00A0C91BC942}") = "interlocking", "interlocking\interlocking.vcxproj", "{3483D99A-3631-4FC6-8584-A1E46EE89F04}"
EndProject
Project("{8BC9CEB8-8B4A-11D0-8D11-00A0C91BC942}") = "multipleprocess", "multipleprocess\multipleprocess.vcxproj", "{E16D58E5-2684-4CCC-B52F-A0083510FE46}"
EndProject
Project("{8BC9CEB8-8B4A-11D0-8D11-00A0C91BC942}") = "printingIDsofProcess", "printingIDsofProcess\printingIDsofProcess.vcxproj", "{0BE47F05-F90A-40FC-AAEB-8C09449FDF2D}"
EndProject
Project("{8BC9CEB8-8B4A-11D0-8D11-00A0C91BC942}") = "SecurityAttributes", "..\SecurityAttributes\SecurityAttributes.vcxproj", "{5E145EFE-47BB-4B5A-BB61-EBDF3EDECEE6}"
EndProject
Project("{8BC9CEB8-8B4A-11D0-8D11-00A0C91BC942}") = "ThreadSuspend13", "ThreadSuspend13\ThreadSuspend13.vcxproj", "{DAB14C1D-6257-4B95-A036-D6E8141D0EBE}"
EndProject
Project("{8BC9CEB8-8B4A-11D0-8D11-00A0C91BC942}") = "ExitThread14", "ExitThread14\ExitThread14.vcxproj", "{7811FFDF-EB2E-4D80-9C24-A01ADC927916}"
EndProject
Project("{8BC9CEB8-8B4A-11D0-8D11-00A0C91BC942}") = "TerminateThread", "TerminateThread\TerminateThread.vcxproj", "{42785224-3048-47F2-9E0D-CF6248836ADF}"
EndProject
Project("{8BC9CEB8-8B4A-11D0-8D11-00A0C91BC942}") = "threadPriority16", "threadPriority16\threadPriority16.vcxproj", "{26DC803F-2850-4409-9CB8-BCE7DCE71E9B}"
EndProject
Project("{8BC9CEB8-8B4A-11D0-8D11-00A0C91BC942}") = "CriticalSection", "..\CriticalSection\CriticalSection.vcxproj", "{F25E63F6-DE46-451D-A002-C45969C964B1}"
EndProject
Project("{8BC9CEB8-8B4A-11D0-8D11-00A0C91BC942}") = "WriterReader20", "..\WriterReader20\WriterReader20.vcxproj", "{AE4BCC12-9AE7-4078-A137-E650A7E74DF3}"
EndProject
Project("{8BC9CEB8-8B4A-11D0-8D11-00A0C91BC942}") = "HandleInheritable11", "HandleInheritable11\HandleInheritable11.vcxproj", "{BD5AF779-4800-47CC-9B48-CAC1C25F97F5}"
EndProject
Global
	GlobalSection(SolutionConfigurationPlatforms) = preSolution
		Debug|x64 = Debug|x64
		Debug|x86 = Debug|x86
		Release|x64 = Release|x64
		Release|x86 = Release|x86
	EndGlobalSection
	GlobalSection(ProjectConfigurationPlatforms) = postSolution
		{790001F4-E09D-48C1-9501-407E4A341E23}.Debug|x64.ActiveCfg = Debug|x64
		{790001F4-E09D-48C1-9501-407E4A341E23}.Debug|x64.Build.0 = Debug|x64
		{790001F4-E09D-48C1-9501-407E4A341E23}.Debug|x86.ActiveCfg = Debug|Win32
		{790001F4-E09D-48C1-9501-407E4A341E23}.Debug|x86.Build.0 = Debug|Win32
		{790001F4-E09D-48C1-9501-407E4A341E23}.Release|x64.ActiveCfg = Release|x64
		{790001F4-E09D-48C1-9501-407E4A341E23}.Release|x64.Build.0 = Release|x64
		{790001F4-E09D-48C1-9501-407E4A341E23}.Release|x86.ActiveCfg = Release|Win32
		{790001F4-E09D-48C1-9501-407E4A341E23}.Release|x86.Build.0 = Release|Win32
		{5D32B888-E6B0-4D07-BC36-3F5F0B7BFE49}.Debug|x64.ActiveCfg = Debug|x64
		{5D32B888-E6B0-4D07-BC36-3F5F0B7BFE49}.Debug|x64.Build.0 = Debug|x64
		{5D32B888-E6B0-4D07-BC36-3F5F0B7BFE49}.Debug|x86.ActiveCfg = Debug|Win32
		{5D32B888-E6B0-4D07-BC36-3F5F0B7BFE49}.Debug|x86.Build.0 = Debug|Win32
		{5D32B888-E6B0-4D07-BC36-3F5F0B7BFE49}.Release|x64.ActiveCfg = Release|x64
		{5D32B888-E6B0-4D07-BC36-3F5F0B7BFE49}.Release|x64.Build.0 = Release|x64
		{5D32B888-E6B0-4D07-BC36-3F5F0B7BFE49}.Release|x86.ActiveCfg = Release|Win32
		{5D32B888-E6B0-4D07-BC36-3F5F0B7BFE49}.Release|x86.Build.0 = Release|Win32
		{5F34DD9D-EE7B-44B7-B859-9CDB2E9741F6}.Debug|x64.ActiveCfg = Debug|x64
		{5F34DD9D-EE7B-44B7-B859-9CDB2E9741F6}.Debug|x64.Build.0 = Debug|x64
		{5F34DD9D-EE7B-44B7-B859-9CDB2E9741F6}.Debug|x86.ActiveCfg = Debug|Win32
		{5F34DD9D-EE7B-44B7-B859-9CDB2E9741F6}.Debug|x86.Build.0 = Debug|Win32
		{5F34DD9D-EE7B-44B7-B859-9CDB2E9741F6}.Release|x64.ActiveCfg = Release|x64
		{5F34DD9D-EE7B-44B7-B859-9CDB2E9741F6}.Release|x64.Build.0 = Release|x64
		{5F34DD9D-EE7B-44B7-B859-9CDB2E9741F6}.Release|x86.ActiveCfg = Release|Win32
		{5F34DD9D-EE7B-44B7-B859-9CDB2E9741F6}.Release|x86.Build.0 = Release|Win32
		{E1429676-9707-4E1C-8ADA-6982140A558A}.Debug|x64.ActiveCfg = Debug|x64
		{E1429676-9707-4E1C-8ADA-6982140A558A}.Debug|x64.Build.0 = Debug|x64
		{E1429676-9707-4E1C-8ADA-6982140A558A}.Debug|x86.ActiveCfg = Debug|Win32
		{E1429676-9707-4E1C-8ADA-6982140A558A}.Debug|x86.Build.0 = Debug|Win32
		{E1429676-9707-4E1C-8ADA-6982140A558A}.Release|x64.ActiveCfg = Release|x64
		{E1429676-9707-4E1C-8ADA-6982140A558A}.Release|x64.Build.0 = Release|x64
		{E1429676-9707-4E1C-8ADA-6982140A558A}.Release|x86.ActiveCfg = Release|Win32
		{E1429676-9707-4E1C-8ADA-6982140A558A}.Release|x86.Build.0 = Release|Win32
		{22EA1836-713A-40E2-8279-B34A0E93F4E7}.Debug|x64.ActiveCfg = Debug|x64
		{22EA1836-713A-40E2-8279-B34A0E93F4E7}.Debug|x64.Build.0 = Debug|x64
		{22EA1836-713A-40E2-8279-B34A0E93F4E7}.Debug|x86.ActiveCfg = Debug|Win32
		{22EA1836-713A-40E2-8279-B34A0E93F4E7}.Debug|x86.Build.0 = Debug|Win32
		{22EA1836-713A-40E2-8279-B34A0E93F4E7}.Release|x64.ActiveCfg = Release|x64
		{22EA1836-713A-40E2-8279-B34A0E93F4E7}.Release|x64.Build.0 = Release|x64
		{22EA1836-713A-40E2-8279-B34A0E93F4E7}.Release|x86.ActiveCfg = Release|Win32
		{22EA1836-713A-40E2-8279-B34A0E93F4E7}.Release|x86.Build.0 = Release|Win32
		{CD3E5609-4A7C-48F7-969A-F302328A1C6C}.Debug|x64.ActiveCfg = Debug|x64
		{CD3E5609-4A7C-48F7-969A-F302328A1C6C}.Debug|x64.Build.0 = Debug|x64
		{CD3E5609-4A7C-48F7-969A-F302328A1C6C}.Debug|x86.ActiveCfg = Debug|Win32
		{CD3E5609-4A7C-48F7-969A-F302328A1C6C}.Debug|x86.Build.0 = Debug|Win32
		{CD3E5609-4A7C-48F7-969A-F302328A1C6C}.Release|x64.ActiveCfg = Release|x64
		{CD3E5609-4A7C-48F7-969A-F302328A1C6C}.Release|x64.Build.0 = Release|x64
		{CD3E5609-4A7C-48F7-969A-F302328A1C6C}.Release|x86.ActiveCfg = Release|Win32
		{CD3E5609-4A7C-48F7-969A-F302328A1C6C}.Release|x86.Build.0 = Release|Win32
		{E4828E2F-78AC-49C9-BBDE-279E1DA4AADC}.Debug|x64.ActiveCfg = Debug|x64
		{E4828E2F-78AC-49C9-BBDE-279E1DA4AADC}.Debug|x64.Build.0 = Debug|x64
		{E4828E2F-78AC-49C9-BBDE-279E1DA4AADC}.Debug|x86.ActiveCfg = Debug|Win32
		{E4828E2F-78AC-49C9-BBDE-279E1DA4AADC}.Debug|x86.Build.0 = Debug|Win32
		{E4828E2F-78AC-49C9-BBDE-279E1DA4AADC}.Release|x64.ActiveCfg = Release|x64
		{E4828E2F-78AC-49C9-BBDE-279E1DA4AADC}.Release|x64.Build.0 = Release|x64
		{E4828E2F-78AC-49C9-BBDE-279E1DA4AADC}.Release|x86.ActiveCfg = Release|Win32
		{E4828E2F-78AC-49C9-BBDE-279E1DA4AADC}.Release|x86.Build.0 = Release|Win32
		{D320EB32-1F70-442B-AB01-B7AA63CD9F03}.Debug|x64.ActiveCfg = Debug|x64
		{D320EB32-1F70-442B-AB01-B7AA63CD9F03}.Debug|x64.Build.0 = Debug|x64
		{D320EB32-1F70-442B-AB01-B7AA63CD9F03}.Debug|x86.ActiveCfg = Debug|Win32
		{D320EB32-1F70-442B-AB01-B7AA63CD9F03}.Debug|x86.Build.0 = Debug|Win32
		{D320EB32-1F70-442B-AB01-B7AA63CD9F03}.Release|x64.ActiveCfg = Release|x64
		{D320EB32-1F70-442B-AB01-B7AA63CD9F03}.Release|x64.Build.0 = Release|x64
		{D320EB32-1F70-442B-AB01-B7AA63CD9F03}.Release|x86.ActiveCfg = Release|Win32
		{D320EB32-1F70-442B-AB01-B7AA63CD9F03}.Release|x86.Build.0 = Release|Win32
		{2E59B694-5DFB-4A54-9EA7-0B248AF4F0A0}.Debug|x64.ActiveCfg = Debug|x64
		{2E59B694-5DFB-4A54-9EA7-0B248AF4F0A0}.Debug|x64.Build.0 = Debug|x64
		{2E59B694-5DFB-4A54-9EA7-0B248AF4F0A0}.Debug|x86.ActiveCfg = Debug|Win32
		{2E59B694-5DFB-4A54-9EA7-0B248AF4F0A0}.Debug|x86.Build.0 = Debug|Win32
		{2E59B694-5DFB-4A54-9EA7-0B248AF4F0A0}.Release|x64.ActiveCfg = Release|x64
		{2E59B694-5DFB-4A54-9EA7-0B248AF4F0A0}.Release|x64.Build.0 = Release|x64
		{2E59B694-5DFB-4A54-9EA7-0B248AF4F0A0}.Release|x86.ActiveCfg = Release|Win32
		{2E59B694-5DFB-4A54-9EA7-0B248AF4F0A0}.Release|x86.Build.0 = Release|Win32
		{3483D99A-3631-4FC6-8584-A1E46EE89F04}.Debug|x64.ActiveCfg = Debug|x64
		{3483D99A-3631-4FC6-8584-A1E46EE89F04}.Debug|x64.Build.0 = Debug|x64
		{3483D99A-3631-4FC6-8584-A1E46EE89F04}.Debug|x86.ActiveCfg = Debug|Win32
		{3483D99A-3631-4FC6-8584-A1E46EE89F04}.Debug|x86.Build.0 = Debug|Win32
		{3483D99A-3631-4FC6-8584-A1E46EE89F04}.Release|x64.ActiveCfg = Release|x64
		{3483D99A-3631-4FC6-8584-A1E46EE89F04}.Release|x64.Build.0 = Release|x64
		{3483D99A-3631-4FC6-8584-A1E46EE89F04}.Release|x86.ActiveCfg = Release|Win32
		{3483D99A-3631-4FC6-8584-A1E46EE89F04}.Release|x86.Build.0 = Release|Win32
		{E16D58E5-2684-4CCC-B52F-A0083510FE46}.Debug|x64.ActiveCfg = Debug|x64
		{E16D58E5-2684-4CCC-B52F-A0083510FE46}.Debug|x64.Build.0 = Debug|x64
		{E16D58E5-2684-4CCC-B52F-A0083510FE46}.Debug|x86.ActiveCfg = Debug|Win32
		{E16D58E5-2684-4CCC-B52F-A0083510FE46}.Debug|x86.Build.0 = Debug|Win32
		{E16D58E5-2684-4CCC-B52F-A0083510FE46}.Release|x64.ActiveCfg = Release|x64
		{E16D58E5-2684-4CCC-B52F-A0083510FE46}.Release|x64.Build.0 = Release|x64
		{E16D58E5-2684-4CCC-B52F-A0083510FE46}.Release|x86.ActiveCfg = Release|Win32
		{E16D58E5-2684-4CCC-B52F-A0083510FE46}.Release|x86.Build.0 = Release|Win32
		{0BE47F05-F90A-40FC-AAEB-8C09449FDF2D}.Debug|x64.ActiveCfg = Debug|x64
		{0BE47F05-F90A-40FC-AAEB-8C09449FDF2D}.Debug|x64.Build.0 = Debug|x64
		{0BE47F05-F90A-40FC-AAEB-8C09449FDF2D}.Debug|x86.ActiveCfg = Debug|Win32
		{0BE47F05-F90A-40FC-AAEB-8C09449FDF2D}.Debug|x86.Build.0 = Debug|Win32
		{0BE47F05-F90A-40FC-AAEB-8C09449FDF2D}.Release|x64.ActiveCfg = Release|x64
		{0BE47F05-F90A-40FC-AAEB-8C09449FDF2D}.Release|x64.Build.0 = Release|x64
		{0BE47F05-F90A-40FC-AAEB-8C09449FDF2D}.Release|x86.ActiveCfg = Release|Win32
		{0BE47F05-F90A-40FC-AAEB-8C09449FDF2D}.Release|x86.Build.0 = Release|Win32
		{5E145EFE-47BB-4B5A-BB61-EBDF3EDECEE6}.Debug|x64.ActiveCfg = Debug|x64
		{5E145EFE-47BB-4B5A-BB61-EBDF3EDECEE6}.Debug|x64.Build.0 = Debug|x64
		{5E145EFE-47BB-4B5A-BB61-EBDF3EDECEE6}.Debug|x86.ActiveCfg = Debug|Win32
		{5E145EFE-47BB-4B5A-BB61-EBDF3EDECEE6}.Debug|x86.Build.0 = Debug|Win32
		{5E145EFE-47BB-4B5A-BB61-EBDF3EDECEE6}.Release|x64.ActiveCfg = Release|x64
		{5E145EFE-47BB-4B5A-BB61-EBDF3EDECEE6}.Release|x64.Build.0 = Release|x64
		{5E145EFE-47BB-4B5A-BB61-EBDF3EDECEE6}.Release|x86.ActiveCfg = Release|Win32
		{5E145EFE-47BB-4B5A-BB61-EBDF3EDECEE6}.Release|x86.Build.0 = Release|Win32
		{DAB14C1D-6257-4B95-A036-D6E8141D0EBE}.Debug|x64.ActiveCfg = Debug|x64
		{DAB14C1D-6257-4B95-A036-D6E8141D0EBE}.Debug|x64.Build.0 = Debug|x64
		{DAB14C1D-6257-4B95-A036-D6E8141D0EBE}.Debug|x86.ActiveCfg = Debug|Win32
		{DAB14C1D-6257-4B95-A036-D6E8141D0EBE}.Debug|x86.Build.0 = Debug|Win32
		{DAB14C1D-6257-4B95-A036-D6E8141D0EBE}.Release|x64.ActiveCfg = Release|x64
		{DAB14C1D-6257-4B95-A036-D6E8141D0EBE}.Release|x64.Build.0 = Release|x64
		{DAB14C1D-6257-4B95-A036-D6E8141D0EBE}.Release|x86.ActiveCfg = Release|Win32
		{DAB14C1D-6257-4B95-A036-D6E8141D0EBE}.Release|x86.Build.0 = Release|Win32
		{7811FFDF-EB2E-4D80-9C24-A01ADC927916}.Debug|x64.ActiveCfg = Debug|x64
		{7811FFDF-EB2E-4D80-9C24-A01ADC927916}.Debug|x64.Build.0 = Debug|x64
		{7811FFDF-EB2E-4D80-9C24-A01ADC927916}.Debug|x86.ActiveCfg = Debug|Win32
		{7811FFDF-EB2E-4D80-9C24-A01ADC927916}.Debug|x86.Build.0 = Debug|Win32
		{7811FFDF-EB2E-4D80-9C24-A01ADC927916}.Release|x64.ActiveCfg = Release|x64
		{7811FFDF-EB2E-4D80-9C24-A01ADC927916}.Release|x64.Build.0 = Release|x64
		{7811FFDF-EB2E-4D80-9C24-A01ADC927916}.Release|x86.ActiveCfg = Release|Win32
		{7811FFDF-EB2E-4D80-9C24-A01ADC927916}.Release|x86.Build.0 = Release|Win32
		{42785224-3048-47F2-9E0D-CF6248836ADF}.Debug|x64.ActiveCfg = Debug|x64
		{42785224-3048-47F2-9E0D-CF6248836ADF}.Debug|x64.Build.0 = Debug|x64
		{42785224-3048-47F2-9E0D-CF6248836ADF}.Debug|x86.ActiveCfg = Debug|Win32
		{42785224-3048-47F2-9E0D-CF6248836ADF}.Debug|x86.Build.0 = Debug|Win32
		{42785224-3048-47F2-9E0D-CF6248836ADF}.Release|x64.ActiveCfg = Release|x64
		{42785224-3048-47F2-9E0D-CF6248836ADF}.Release|x64.Build.0 = Release|x64
		{42785224-3048-47F2-9E0D-CF6248836ADF}.Release|x86.ActiveCfg = Release|Win32
		{42785224-3048-47F2-9E0D-CF6248836ADF}.Release|x86.Build.0 = Release|Win32
		{26DC803F-2850-4409-9CB8-BCE7DCE71E9B}.Debug|x64.ActiveCfg = Debug|x64
		{26DC803F-2850-4409-9CB8-BCE7DCE71E9B}.Debug|x64.Build.0 = Debug|x64
		{26DC803F-2850-4409-9CB8-BCE7DCE71E9B}.Debug|x86.ActiveCfg = Debug|Win32
		{26DC803F-2850-4409-9CB8-BCE7DCE71E9B}.Debug|x86.Build.0 = Debug|Win32
		{26DC803F-2850-4409-9CB8-BCE7DCE71E9B}.Release|x64.ActiveCfg = Release|x64
		{26DC803F-2850-4409-9CB8-BCE7DCE71E9B}.Release|x64.Build.0 = Release|x64
		{26DC803F-2850-4409-9CB8-BCE7DCE71E9B}.Release|x86.ActiveCfg = Release|Win32
		{26DC803F-2850-4409-9CB8-BCE7DCE71E9B}.Release|x86.Build.0 = Release|Win32
		{F25E63F6-DE46-451D-A002-C45969C964B1}.Debug|x64.ActiveCfg = Debug|x64
		{F25E63F6-DE46-451D-A002-C45969C964B1}.Debug|x64.Build.0 = Debug|x64
		{F25E63F6-DE46-451D-A002-C45969C964B1}.Debug|x86.ActiveCfg = Debug|Win32
		{F25E63F6-DE46-451D-A002-C45969C964B1}.Debug|x86.Build.0 = Debug|Win32
		{F25E63F6-DE46-451D-A002-C45969C964B1}.Release|x64.ActiveCfg = Release|x64
		{F25E63F6-DE46-451D-A002-C45969C964B1}.Release|x64.Build.0 = Release|x64
		{F25E63F6-DE46-451D-A002-C45969C964B1}.Release|x86.ActiveCfg = Release|Win32
		{F25E63F6-DE46-451D-A002-C45969C964B1}.Release|x86.Build.0 = Release|Win32
		{AE4BCC12-9AE7-4078-A137-E650A7E74DF3}.Debug|x64.ActiveCfg = Debug|x64
		{AE4BCC12-9AE7-4078-A137-E650A7E74DF3}.Debug|x64.Build.0 = Debug|x64
		{AE4BCC12-9AE7-4078-A137-E650A7E74DF3}.Debug|x86.ActiveCfg = Debug|Win32
		{AE4BCC12-9AE7-4078-A137-E650A7E74DF3}.Debug|x86.Build.0 = Debug|Win32
		{AE4BCC12-9AE7-4078-A137-E650A7E74DF3}.Release|x64.ActiveCfg = Release|x64
		{AE4BCC12-9AE7-4078-A137-E650A7E74DF3}.Release|x64.Build.0 = Release|x64
		{AE4BCC12-9AE7-4078-A137-E650A7E74DF3}.Release|x86.ActiveCfg = Release|Win32
		{AE4BCC12-9AE7-4078-A137-E650A7E74DF3}.Release|x86.Build.0 = Release|Win32
		{BD5AF779-4800-47CC-9B48-CAC1C25F97F5}.Debug|x64.ActiveCfg = Debug|x64
		{BD5AF779-4800-47CC-9B48-CAC1C25F97F5}.Debug|x64.Build.0 = Debug|x64
		{BD5AF779-4800-47CC-9B48-CAC1C25F97F5}.Debug|x86.ActiveCfg = Debug|Win32
		{BD5AF779-4800-47CC-9B48-CAC1C25F97F5}.Debug|x86.Build.0 = Debug|Win32
		{BD5AF779-4800-47CC-9B48-CAC1C25F97F5}.Release|x64.ActiveCfg = Release|x64
		{BD5AF779-4800-47CC-9B48-CAC1C25F97F5}.Release|x64.Build.0 = Release|x64
		{BD5AF779-4800-47CC-9B48-CAC1C25F97F5}.Release|x86.ActiveCfg = Release|Win32
		{BD5AF779-4800-47CC-9B48-CAC1C25F97F5}.Release|x86.Build.0 = Release|Win32
	EndGlobalSection
	GlobalSection(SolutionProperties) = preSolution
		HideSolutionNode = FALSE
	EndGlobalSection
EndGlobal
